
Microsoft Visual Studio Solution File, Format Version 12.00
# Visual Studio Version 16
VisualStudioVersion = 16.0.30804.86
MinimumVisualStudioVersion = 10.0.40219.1
Project("{FAE04EC0-301F-11D3-BF4B-00C04F79EFBC}") = "SalesWebMvc", "SalesWebMvc\SalesWebMvc.csproj", "{39095707-66A5-47AE-93A5-0C16412A02EC}"
EndProject
Global
	GlobalSection(SolutionConfigurationPlatforms) = preSolution
		Debug|Any CPU = Debug|Any CPU
		Release|Any CPU = Release|Any CPU
	EndGlobalSection
	GlobalSection(ProjectConfigurationPlatforms) = postSolution
		{39095707-66A5-47AE-93A5-0C16412A02EC}.Debug|Any CPU.ActiveCfg = Debug|Any CPU
		{39095707-66A5-47AE-93A5-0C16412A02EC}.Debug|Any CPU.Build.0 = Debug|Any CPU
		{39095707-66A5-47AE-93A5-0C16412A02EC}.Release|Any CPU.ActiveCfg = Release|Any CPU
		{39095707-66A5-47AE-93A5-0C16412A02EC}.Release|Any CPU.Build.0 = Release|Any CPU
	EndGlobalSection
	GlobalSection(SolutionProperties) = preSolution
		HideSolutionNode = FALSE
	EndGlobalSection
	GlobalSection(ExtensibilityGlobals) = postSolution
		SolutionGuid = {330BA2A1-5472-453B-8542-67755DD8EA97}
	EndGlobalSection
EndGlobal
